
Microsoft Visual Studio Solution File, Format Version 12.00
# Visual Studio Version 16
VisualStudioVersion = 16.0.29409.12
MinimumVisualStudioVersion = 10.0.40219.1
Project("{2150E333-8FDC-42A3-9474-1A3956D46DE8}") = "src", "src", "{0598864B-9CE0-45F8-852C-FDB848222F6F}"
EndProject
Project("{2150E333-8FDC-42A3-9474-1A3956D46DE8}") = "test", "test", "{6970E3FD-4709-4B1E-ACB3-7B67FA11E4A7}"
EndProject
Project("{2150E333-8FDC-42A3-9474-1A3956D46DE8}") = "Targets", "Targets", "{6B26B662-082B-4774-8DF3-84A1FB4A6EC5}"
EndProject
Project("{2150E333-8FDC-42A3-9474-1A3956D46DE8}") = "ModelProviders", "ModelProviders", "{19D93F9A-9DAD-4503-9072-DB4E3DEFE1E8}"
EndProject
Project("{9A19103F-16F7-4668-BE54-9A1E7A4F7556}") = "coreDox.ModelProvider.Syntax", "ModelProvider\coreDox.ModelProvider.Syntax\coreDox.ModelProvider.Syntax.csproj", "{36A2F92A-00E6-488A-B6C2-779488B256C5}"
EndProject
Project("{9A19103F-16F7-4668-BE54-9A1E7A4F7556}") = "coreDox.Target.Html", "Targets\coreDox.Target.Html\src\coreDox.Target.Html.csproj", "{E4E67A3D-DEC3-4574-B4C3-23093825E66B}"
EndProject
Project("{9A19103F-16F7-4668-BE54-9A1E7A4F7556}") = "coreDox", "coreDox\coreDox.csproj", "{2DFF6230-BF13-459E-815C-CFC5862BC27F}"
EndProject
Project("{9A19103F-16F7-4668-BE54-9A1E7A4F7556}") = "coreDox.Core", "coreDox.Core\coreDox.Core.csproj", "{92FB950E-49A8-4242-B68A-419F8C150E2D}"
EndProject
Project("{9A19103F-16F7-4668-BE54-9A1E7A4F7556}") = "coreDox.Core.Tests", "..\tests\coreDox.Core.Tests\coreDox.Core.Tests.csproj", "{49A551E5-E2EB-40C8-A6A5-14875B22D4A3}"
EndProject
Project("{FAE04EC0-301F-11D3-BF4B-00C04F79EFBC}") = "coreDox.TestDataProject", "..\tests\coreDox.TestDataProject\coreDox.TestDataProject.csproj", "{49CBDD31-42BA-4970-AE7C-05FDEDE75713}"
EndProject
Global
	GlobalSection(SolutionConfigurationPlatforms) = preSolution
		Debug|Any CPU = Debug|Any CPU
		Debug|x64 = Debug|x64
		Debug|x86 = Debug|x86
		Release|Any CPU = Release|Any CPU
		Release|x64 = Release|x64
		Release|x86 = Release|x86
	EndGlobalSection
	GlobalSection(ProjectConfigurationPlatforms) = postSolution
		{36A2F92A-00E6-488A-B6C2-779488B256C5}.Debug|Any CPU.ActiveCfg = Debug|Any CPU
		{36A2F92A-00E6-488A-B6C2-779488B256C5}.Debug|Any CPU.Build.0 = Debug|Any CPU
		{36A2F92A-00E6-488A-B6C2-779488B256C5}.Debug|x64.ActiveCfg = Debug|Any CPU
		{36A2F92A-00E6-488A-B6C2-779488B256C5}.Debug|x64.Build.0 = Debug|Any CPU
		{36A2F92A-00E6-488A-B6C2-779488B256C5}.Debug|x86.ActiveCfg = Debug|Any CPU
		{36A2F92A-00E6-488A-B6C2-779488B256C5}.Debug|x86.Build.0 = Debug|Any CPU
		{36A2F92A-00E6-488A-B6C2-779488B256C5}.Release|Any CPU.ActiveCfg = Release|Any CPU
		{36A2F92A-00E6-488A-B6C2-779488B256C5}.Release|Any CPU.Build.0 = Release|Any CPU
		{36A2F92A-00E6-488A-B6C2-779488B256C5}.Release|x64.ActiveCfg = Release|Any CPU
		{36A2F92A-00E6-488A-B6C2-779488B256C5}.Release|x64.Build.0 = Release|Any CPU
		{36A2F92A-00E6-488A-B6C2-779488B256C5}.Release|x86.ActiveCfg = Release|Any CPU
		{36A2F92A-00E6-488A-B6C2-779488B256C5}.Release|x86.Build.0 = Release|Any CPU
		{E4E67A3D-DEC3-4574-B4C3-23093825E66B}.Debug|Any CPU.ActiveCfg = Debug|Any CPU
		{E4E67A3D-DEC3-4574-B4C3-23093825E66B}.Debug|Any CPU.Build.0 = Debug|Any CPU
		{E4E67A3D-DEC3-4574-B4C3-23093825E66B}.Debug|x64.ActiveCfg = Debug|Any CPU
		{E4E67A3D-DEC3-4574-B4C3-23093825E66B}.Debug|x64.Build.0 = Debug|Any CPU
		{E4E67A3D-DEC3-4574-B4C3-23093825E66B}.Debug|x86.ActiveCfg = Debug|Any CPU
		{E4E67A3D-DEC3-4574-B4C3-23093825E66B}.Debug|x86.Build.0 = Debug|Any CPU
		{E4E67A3D-DEC3-4574-B4C3-23093825E66B}.Release|Any CPU.ActiveCfg = Release|Any CPU
		{E4E67A3D-DEC3-4574-B4C3-23093825E66B}.Release|Any CPU.Build.0 = Release|Any CPU
		{E4E67A3D-DEC3-4574-B4C3-23093825E66B}.Release|x64.ActiveCfg = Release|Any CPU
		{E4E67A3D-DEC3-4574-B4C3-23093825E66B}.Release|x64.Build.0 = Release|Any CPU
		{E4E67A3D-DEC3-4574-B4C3-23093825E66B}.Release|x86.ActiveCfg = Release|Any CPU
		{E4E67A3D-DEC3-4574-B4C3-23093825E66B}.Release|x86.Build.0 = Release|Any CPU
		{2DFF6230-BF13-459E-815C-CFC5862BC27F}.Debug|Any CPU.ActiveCfg = Debug|Any CPU
		{2DFF6230-BF13-459E-815C-CFC5862BC27F}.Debug|Any CPU.Build.0 = Debug|Any CPU
		{2DFF6230-BF13-459E-815C-CFC5862BC27F}.Debug|x64.ActiveCfg = Debug|Any CPU
		{2DFF6230-BF13-459E-815C-CFC5862BC27F}.Debug|x64.Build.0 = Debug|Any CPU
		{2DFF6230-BF13-459E-815C-CFC5862BC27F}.Debug|x86.ActiveCfg = Debug|Any CPU
		{2DFF6230-BF13-459E-815C-CFC5862BC27F}.Debug|x86.Build.0 = Debug|Any CPU
		{2DFF6230-BF13-459E-815C-CFC5862BC27F}.Release|Any CPU.ActiveCfg = Release|Any CPU
		{2DFF6230-BF13-459E-815C-CFC5862BC27F}.Release|Any CPU.Build.0 = Release|Any CPU
		{2DFF6230-BF13-459E-815C-CFC5862BC27F}.Release|x64.ActiveCfg = Release|Any CPU
		{2DFF6230-BF13-459E-815C-CFC5862BC27F}.Release|x64.Build.0 = Release|Any CPU
		{2DFF6230-BF13-459E-815C-CFC5862BC27F}.Release|x86.ActiveCfg = Release|Any CPU
		{2DFF6230-BF13-459E-815C-CFC5862BC27F}.Release|x86.Build.0 = Release|Any CPU
		{92FB950E-49A8-4242-B68A-419F8C150E2D}.Debug|Any CPU.ActiveCfg = Debug|Any CPU
		{92FB950E-49A8-4242-B68A-419F8C150E2D}.Debug|Any CPU.Build.0 = Debug|Any CPU
		{92FB950E-49A8-4242-B68A-419F8C150E2D}.Debug|x64.ActiveCfg = Debug|Any CPU
		{92FB950E-49A8-4242-B68A-419F8C150E2D}.Debug|x64.Build.0 = Debug|Any CPU
		{92FB950E-49A8-4242-B68A-419F8C150E2D}.Debug|x86.ActiveCfg = Debug|Any CPU
		{92FB950E-49A8-4242-B68A-419F8C150E2D}.Debug|x86.Build.0 = Debug|Any CPU
		{92FB950E-49A8-4242-B68A-419F8C150E2D}.Release|Any CPU.ActiveCfg = Release|Any CPU
		{92FB950E-49A8-4242-B68A-419F8C150E2D}.Release|Any CPU.Build.0 = Release|Any CPU
		{92FB950E-49A8-4242-B68A-419F8C150E2D}.Release|x64.ActiveCfg = Release|Any CPU
		{92FB950E-49A8-4242-B68A-419F8C150E2D}.Release|x64.Build.0 = Release|Any CPU
		{92FB950E-49A8-4242-B68A-419F8C150E2D}.Release|x86.ActiveCfg = Release|Any CPU
		{92FB950E-49A8-4242-B68A-419F8C150E2D}.Release|x86.Build.0 = Release|Any CPU
		{49A551E5-E2EB-40C8-A6A5-14875B22D4A3}.Debug|Any CPU.ActiveCfg = Debug|Any CPU
		{49A551E5-E2EB-40C8-A6A5-14875B22D4A3}.Debug|Any CPU.Build.0 = Debug|Any CPU
		{49A551E5-E2EB-40C8-A6A5-14875B22D4A3}.Debug|x64.ActiveCfg = Debug|Any CPU
		{49A551E5-E2EB-40C8-A6A5-14875B22D4A3}.Debug|x64.Build.0 = Debug|Any CPU
		{49A551E5-E2EB-40C8-A6A5-14875B22D4A3}.Debug|x86.ActiveCfg = Debug|Any CPU
		{49A551E5-E2EB-40C8-A6A5-14875B22D4A3}.Debug|x86.Build.0 = Debug|Any CPU
		{49A551E5-E2EB-40C8-A6A5-14875B22D4A3}.Release|Any CPU.ActiveCfg = Release|Any CPU
		{49A551E5-E2EB-40C8-A6A5-14875B22D4A3}.Release|Any CPU.Build.0 = Release|Any CPU
		{49A551E5-E2EB-40C8-A6A5-14875B22D4A3}.Release|x64.ActiveCfg = Release|Any CPU
		{49A551E5-E2EB-40C8-A6A5-14875B22D4A3}.Release|x64.Build.0 = Release|Any CPU
		{49A551E5-E2EB-40C8-A6A5-14875B22D4A3}.Release|x86.ActiveCfg = Release|Any CPU
		{49A551E5-E2EB-40C8-A6A5-14875B22D4A3}.Release|x86.Build.0 = Release|Any CPU
		{49CBDD31-42BA-4970-AE7C-05FDEDE75713}.Debug|Any CPU.ActiveCfg = Debug|Any CPU
		{49CBDD31-42BA-4970-AE7C-05FDEDE75713}.Debug|Any CPU.Build.0 = Debug|Any CPU
		{49CBDD31-42BA-4970-AE7C-05FDEDE75713}.Debug|x64.ActiveCfg = Debug|Any CPU
		{49CBDD31-42BA-4970-AE7C-05FDEDE75713}.Debug|x64.Build.0 = Debug|Any CPU
		{49CBDD31-42BA-4970-AE7C-05FDEDE75713}.Debug|x86.ActiveCfg = Debug|Any CPU
		{49CBDD31-42BA-4970-AE7C-05FDEDE75713}.Debug|x86.Build.0 = Debug|Any CPU
		{49CBDD31-42BA-4970-AE7C-05FDEDE75713}.Release|Any CPU.ActiveCfg = Release|Any CPU
		{49CBDD31-42BA-4970-AE7C-05FDEDE75713}.Release|Any CPU.Build.0 = Release|Any CPU
		{49CBDD31-42BA-4970-AE7C-05FDEDE75713}.Release|x64.ActiveCfg = Release|Any CPU
		{49CBDD31-42BA-4970-AE7C-05FDEDE75713}.Release|x64.Build.0 = Release|Any CPU
		{49CBDD31-42BA-4970-AE7C-05FDEDE75713}.Release|x86.ActiveCfg = Release|Any CPU
		{49CBDD31-42BA-4970-AE7C-05FDEDE75713}.Release|x86.Build.0 = Release|Any CPU
	EndGlobalSection
	GlobalSection(SolutionProperties) = preSolution
		HideSolutionNode = FALSE
	EndGlobalSection
	GlobalSection(NestedProjects) = preSolution
		{6B26B662-082B-4774-8DF3-84A1FB4A6EC5} = {0598864B-9CE0-45F8-852C-FDB848222F6F}
		{19D93F9A-9DAD-4503-9072-DB4E3DEFE1E8} = {0598864B-9CE0-45F8-852C-FDB848222F6F}
		{36A2F92A-00E6-488A-B6C2-779488B256C5} = {19D93F9A-9DAD-4503-9072-DB4E3DEFE1E8}
		{E4E67A3D-DEC3-4574-B4C3-23093825E66B} = {6B26B662-082B-4774-8DF3-84A1FB4A6EC5}
		{2DFF6230-BF13-459E-815C-CFC5862BC27F} = {0598864B-9CE0-45F8-852C-FDB848222F6F}
		{92FB950E-49A8-4242-B68A-419F8C150E2D} = {0598864B-9CE0-45F8-852C-FDB848222F6F}
		{49A551E5-E2EB-40C8-A6A5-14875B22D4A3} = {6970E3FD-4709-4B1E-ACB3-7B67FA11E4A7}
		{49CBDD31-42BA-4970-AE7C-05FDEDE75713} = {6970E3FD-4709-4B1E-ACB3-7B67FA11E4A7}
	EndGlobalSection
	GlobalSection(ExtensibilityGlobals) = postSolution
		SolutionGuid = {30C99EC0-5857-47C4-AA8B-59F8EDBD34DE}
	EndGlobalSection
EndGlobal
